// !$*UTF8*$!
{
	archiveVersion = 1;
	classes = {
	};
	objectVersion = 56;
	objects = {

/* Begin PBXBuildFile section */
		A3EC61AF2AFCCA26001AC2D8 /* UIView+Extension.swift in Sources */ = {isa = PBXBuildFile; fileRef = A3EC61AE2AFCCA26001AC2D8 /* UIView+Extension.swift */; };
		A3F54B562AFB6EAD003468EE /* AppDelegate.swift in Sources */ = {isa = PBXBuildFile; fileRef = A3F54B552AFB6EAD003468EE /* AppDelegate.swift */; };
		A3F54B582AFB6EAD003468EE /* SceneDelegate.swift in Sources */ = {isa = PBXBuildFile; fileRef = A3F54B572AFB6EAD003468EE /* SceneDelegate.swift */; };
		A3F54B5A2AFB6EAD003468EE /* ViewController.swift in Sources */ = {isa = PBXBuildFile; fileRef = A3F54B592AFB6EAD003468EE /* ViewController.swift */; };
		A3F54B5D2AFB6EAD003468EE /* Main.storyboard in Resources */ = {isa = PBXBuildFile; fileRef = A3F54B5B2AFB6EAD003468EE /* Main.storyboard */; };
		A3F54B5F2AFB6EB0003468EE /* Assets.xcassets in Resources */ = {isa = PBXBuildFile; fileRef = A3F54B5E2AFB6EB0003468EE /* Assets.xcassets */; };
		A3F54B622AFB6EB0003468EE /* LaunchScreen.storyboard in Resources */ = {isa = PBXBuildFile; fileRef = A3F54B602AFB6EB0003468EE /* LaunchScreen.storyboard */; };
		A3F54B6D2AFB6EB1003468EE /* CalculatorTests.swift in Sources */ = {isa = PBXBuildFile; fileRef = A3F54B6C2AFB6EB1003468EE /* CalculatorTests.swift */; };
		A3F54B772AFB6EB1003468EE /* CalculatorUITests.swift in Sources */ = {isa = PBXBuildFile; fileRef = A3F54B762AFB6EB1003468EE /* CalculatorUITests.swift */; };
		A3F54B792AFB6EB1003468EE /* CalculatorUITestsLaunchTests.swift in Sources */ = {isa = PBXBuildFile; fileRef = A3F54B782AFB6EB1003468EE /* CalculatorUITestsLaunchTests.swift */; };
		A3F54B862AFBAAA9003468EE /* Colors.xcassets in Resources */ = {isa = PBXBuildFile; fileRef = A3F54B852AFBAAA9003468EE /* Colors.xcassets */; };
		A3F54B8A2AFBAC5D003468EE /* Lato-Bold.ttf in Resources */ = {isa = PBXBuildFile; fileRef = A3F54B892AFBAC5D003468EE /* Lato-Bold.ttf */; };
		A3F54B8E2AFBBEFF003468EE /* ButtonCVCell.xib in Resources */ = {isa = PBXBuildFile; fileRef = A3F54B8D2AFBBEFF003468EE /* ButtonCVCell.xib */; };
		A3F54B902AFBBFB3003468EE /* ButtonCVCell.swift in Sources */ = {isa = PBXBuildFile; fileRef = A3F54B8F2AFBBFB3003468EE /* ButtonCVCell.swift */; };
		A3F54B932AFBC0D5003468EE /* Enums.swift in Sources */ = {isa = PBXBuildFile; fileRef = A3F54B922AFBC0D5003468EE /* Enums.swift */; };
		A3F54B9A2AFBC573003468EE /* UIColor+Extension.swift in Sources */ = {isa = PBXBuildFile; fileRef = A3F54B992AFBC573003468EE /* UIColor+Extension.swift */; };
		A3F54B9C2AFBCA7B003468EE /* CalculatorVC.swift in Sources */ = {isa = PBXBuildFile; fileRef = A3F54B9B2AFBCA7B003468EE /* CalculatorVC.swift */; };
		A3F54B9E2AFBCCE7003468EE /* CVCell+Extension.swift in Sources */ = {isa = PBXBuildFile; fileRef = A3F54B9D2AFBCCE7003468EE /* CVCell+Extension.swift */; };
		A3F54BA02AFBD49D003468EE /* Constants.swift in Sources */ = {isa = PBXBuildFile; fileRef = A3F54B9F2AFBD49D003468EE /* Constants.swift */; };
/* End PBXBuildFile section */

/* Begin PBXContainerItemProxy section */
		A3F54B692AFB6EB1003468EE /* PBXContainerItemProxy */ = {
			isa = PBXContainerItemProxy;
			containerPortal = A3F54B4A2AFB6EAD003468EE /* Project object */;
			proxyType = 1;
			remoteGlobalIDString = A3F54B512AFB6EAD003468EE;
			remoteInfo = Calculator;
		};
		A3F54B732AFB6EB1003468EE /* PBXContainerItemProxy */ = {
			isa = PBXContainerItemProxy;
			containerPortal = A3F54B4A2AFB6EAD003468EE /* Project object */;
			proxyType = 1;
			remoteGlobalIDString = A3F54B512AFB6EAD003468EE;
			remoteInfo = Calculator;
		};
/* End PBXContainerItemProxy section */

/* Begin PBXFileReference section */
		A3EC61AE2AFCCA26001AC2D8 /* UIView+Extension.swift */ = {isa = PBXFileReference; lastKnownFileType = sourcecode.swift; path = "UIView+Extension.swift"; sourceTree = "<group>"; };
		A3F54B522AFB6EAD003468EE /* Calculator.app */ = {isa = PBXFileReference; explicitFileType = wrapper.application; includeInIndex = 0; path = Calculator.app; sourceTree = BUILT_PRODUCTS_DIR; };
		A3F54B552AFB6EAD003468EE /* AppDelegate.swift */ = {isa = PBXFileReference; lastKnownFileType = sourcecode.swift; path = AppDelegate.swift; sourceTree = "<group>"; };
		A3F54B572AFB6EAD003468EE /* SceneDelegate.swift */ = {isa = PBXFileReference; lastKnownFileType = sourcecode.swift; path = SceneDelegate.swift; sourceTree = "<group>"; };
		A3F54B592AFB6EAD003468EE /* ViewController.swift */ = {isa = PBXFileReference; lastKnownFileType = sourcecode.swift; path = ViewController.swift; sourceTree = "<group>"; };
		A3F54B5C2AFB6EAD003468EE /* Base */ = {isa = PBXFileReference; lastKnownFileType = file.storyboard; name = Base; path = Base.lproj/Main.storyboard; sourceTree = "<group>"; };
		A3F54B5E2AFB6EB0003468EE /* Assets.xcassets */ = {isa = PBXFileReference; lastKnownFileType = folder.assetcatalog; path = Assets.xcassets; sourceTree = "<group>"; };
		A3F54B612AFB6EB0003468EE /* Base */ = {isa = PBXFileReference; lastKnownFileType = file.storyboard; name = Base; path = Base.lproj/LaunchScreen.storyboard; sourceTree = "<group>"; };
		A3F54B632AFB6EB0003468EE /* Info.plist */ = {isa = PBXFileReference; lastKnownFileType = text.plist.xml; path = Info.plist; sourceTree = "<group>"; };
		A3F54B682AFB6EB1003468EE /* CalculatorTests.xctest */ = {isa = PBXFileReference; explicitFileType = wrapper.cfbundle; includeInIndex = 0; path = CalculatorTests.xctest; sourceTree = BUILT_PRODUCTS_DIR; };
		A3F54B6C2AFB6EB1003468EE /* CalculatorTests.swift */ = {isa = PBXFileReference; lastKnownFileType = sourcecode.swift; path = CalculatorTests.swift; sourceTree = "<group>"; };
		A3F54B722AFB6EB1003468EE /* CalculatorUITests.xctest */ = {isa = PBXFileReference; explicitFileType = wrapper.cfbundle; includeInIndex = 0; path = CalculatorUITests.xctest; sourceTree = BUILT_PRODUCTS_DIR; };
		A3F54B762AFB6EB1003468EE /* CalculatorUITests.swift */ = {isa = PBXFileReference; lastKnownFileType = sourcecode.swift; path = CalculatorUITests.swift; sourceTree = "<group>"; };
		A3F54B782AFB6EB1003468EE /* CalculatorUITestsLaunchTests.swift */ = {isa = PBXFileReference; lastKnownFileType = sourcecode.swift; path = CalculatorUITestsLaunchTests.swift; sourceTree = "<group>"; };
		A3F54B852AFBAAA9003468EE /* Colors.xcassets */ = {isa = PBXFileReference; lastKnownFileType = folder.assetcatalog; path = Colors.xcassets; sourceTree = "<group>"; };
		A3F54B892AFBAC5D003468EE /* Lato-Bold.ttf */ = {isa = PBXFileReference; lastKnownFileType = file; path = "Lato-Bold.ttf"; sourceTree = "<group>"; };
		A3F54B8D2AFBBEFF003468EE /* ButtonCVCell.xib */ = {isa = PBXFileReference; lastKnownFileType = file.xib; path = ButtonCVCell.xib; sourceTree = "<group>"; };
		A3F54B8F2AFBBFB3003468EE /* ButtonCVCell.swift */ = {isa = PBXFileReference; lastKnownFileType = sourcecode.swift; path = ButtonCVCell.swift; sourceTree = "<group>"; };
		A3F54B922AFBC0D5003468EE /* Enums.swift */ = {isa = PBXFileReference; lastKnownFileType = sourcecode.swift; path = Enums.swift; sourceTree = "<group>"; };
		A3F54B972AFBC362003468EE /* Queries.md */ = {isa = PBXFileReference; lastKnownFileType = net.daringfireball.markdown; path = Queries.md; sourceTree = "<group>"; };
		A3F54B992AFBC573003468EE /* UIColor+Extension.swift */ = {isa = PBXFileReference; lastKnownFileType = sourcecode.swift; path = "UIColor+Extension.swift"; sourceTree = "<group>"; };
		A3F54B9B2AFBCA7B003468EE /* CalculatorVC.swift */ = {isa = PBXFileReference; lastKnownFileType = sourcecode.swift; path = CalculatorVC.swift; sourceTree = "<group>"; };
		A3F54B9D2AFBCCE7003468EE /* CVCell+Extension.swift */ = {isa = PBXFileReference; lastKnownFileType = sourcecode.swift; path = "CVCell+Extension.swift"; sourceTree = "<group>"; };
		A3F54B9F2AFBD49D003468EE /* Constants.swift */ = {isa = PBXFileReference; lastKnownFileType = sourcecode.swift; path = Constants.swift; sourceTree = "<group>"; };
/* End PBXFileReference section */

/* Begin PBXFrameworksBuildPhase section */
		A3F54B4F2AFB6EAD003468EE /* Frameworks */ = {
			isa = PBXFrameworksBuildPhase;
			buildActionMask = 2147483647;
			files = (
			);
			runOnlyForDeploymentPostprocessing = 0;
		};
		A3F54B652AFB6EB1003468EE /* Frameworks */ = {
			isa = PBXFrameworksBuildPhase;
			buildActionMask = 2147483647;
			files = (
			);
			runOnlyForDeploymentPostprocessing = 0;
		};
		A3F54B6F2AFB6EB1003468EE /* Frameworks */ = {
			isa = PBXFrameworksBuildPhase;
			buildActionMask = 2147483647;
			files = (
			);
			runOnlyForDeploymentPostprocessing = 0;
		};
/* End PBXFrameworksBuildPhase section */

/* Begin PBXGroup section */
		A3F54B492AFB6EAD003468EE = {
			isa = PBXGroup;
			children = (
				A3F54B542AFB6EAD003468EE /* Calculator */,
				A3F54B6B2AFB6EB1003468EE /* CalculatorTests */,
				A3F54B752AFB6EB1003468EE /* CalculatorUITests */,
				A3F54B532AFB6EAD003468EE /* Products */,
			);
			sourceTree = "<group>";
		};
		A3F54B532AFB6EAD003468EE /* Products */ = {
			isa = PBXGroup;
			children = (
				A3F54B522AFB6EAD003468EE /* Calculator.app */,
				A3F54B682AFB6EB1003468EE /* CalculatorTests.xctest */,
				A3F54B722AFB6EB1003468EE /* CalculatorUITests.xctest */,
			);
			name = Products;
			sourceTree = "<group>";
		};
		A3F54B542AFB6EAD003468EE /* Calculator */ = {
			isa = PBXGroup;
			children = (
				A3F54B552AFB6EAD003468EE /* AppDelegate.swift */,
				A3F54B572AFB6EAD003468EE /* SceneDelegate.swift */,
				A3F54B592AFB6EAD003468EE /* ViewController.swift */,
				A3F54B912AFBC0BD003468EE /* Common */,
				A3F54B8B2AFBBEB3003468EE /* Views */,
				A3F54B982AFBC52D003468EE /* Extensions */,
				A3F54B5E2AFB6EB0003468EE /* Assets.xcassets */,
				A3F54B852AFBAAA9003468EE /* Colors.xcassets */,
				A3F54B602AFB6EB0003468EE /* LaunchScreen.storyboard */,
				A3F54B872AFBAC30003468EE /* Fonts */,
				A3F54B942AFBC2E9003468EE /* Docs */,
				A3F54B632AFB6EB0003468EE /* Info.plist */,
			);
			path = Calculator;
			sourceTree = "<group>";
		};
		A3F54B6B2AFB6EB1003468EE /* CalculatorTests */ = {
			isa = PBXGroup;
			children = (
				A3F54B6C2AFB6EB1003468EE /* CalculatorTests.swift */,
			);
			path = CalculatorTests;
			sourceTree = "<group>";
		};
		A3F54B752AFB6EB1003468EE /* CalculatorUITests */ = {
			isa = PBXGroup;
			children = (
				A3F54B762AFB6EB1003468EE /* CalculatorUITests.swift */,
				A3F54B782AFB6EB1003468EE /* CalculatorUITestsLaunchTests.swift */,
			);
			path = CalculatorUITests;
			sourceTree = "<group>";
		};
		A3F54B872AFBAC30003468EE /* Fonts */ = {
			isa = PBXGroup;
			children = (
				A3F54B882AFBAC3D003468EE /* Lato */,
			);
			path = Fonts;
			sourceTree = "<group>";
		};
		A3F54B882AFBAC3D003468EE /* Lato */ = {
			isa = PBXGroup;
			children = (
				A3F54B892AFBAC5D003468EE /* Lato-Bold.ttf */,
			);
			path = Lato;
			sourceTree = "<group>";
		};
		A3F54B8B2AFBBEB3003468EE /* Views */ = {
			isa = PBXGroup;
			children = (
				A3F54B5B2AFB6EAD003468EE /* Main.storyboard */,
				A3F54B8C2AFBBECC003468EE /* CollectionViewCell */,
				A3F54B9B2AFBCA7B003468EE /* CalculatorVC.swift */,
			);
			path = Views;
			sourceTree = "<group>";
		};
		A3F54B8C2AFBBECC003468EE /* CollectionViewCell */ = {
			isa = PBXGroup;
			children = (
				A3F54B8D2AFBBEFF003468EE /* ButtonCVCell.xib */,
				A3F54B8F2AFBBFB3003468EE /* ButtonCVCell.swift */,
			);
			path = CollectionViewCell;
			sourceTree = "<group>";
		};
		A3F54B912AFBC0BD003468EE /* Common */ = {
			isa = PBXGroup;
			children = (
				A3F54B922AFBC0D5003468EE /* Enums.swift */,
				A3F54B9F2AFBD49D003468EE /* Constants.swift */,
			);
			path = Common;
			sourceTree = "<group>";
		};
		A3F54B942AFBC2E9003468EE /* Docs */ = {
			isa = PBXGroup;
			children = (
				A3F54B972AFBC362003468EE /* Queries.md */,
			);
			path = Docs;
			sourceTree = "<group>";
		};
		A3F54B982AFBC52D003468EE /* Extensions */ = {
			isa = PBXGroup;
			children = (
				A3F54B992AFBC573003468EE /* UIColor+Extension.swift */,
				A3F54B9D2AFBCCE7003468EE /* CVCell+Extension.swift */,
				A3EC61AE2AFCCA26001AC2D8 /* UIView+Extension.swift */,
			);
			path = Extensions;
			sourceTree = "<group>";
		};
/* End PBXGroup section */

/* Begin PBXNativeTarget section */
		A3F54B512AFB6EAD003468EE /* Calculator */ = {
			isa = PBXNativeTarget;
			buildConfigurationList = A3F54B7C2AFB6EB1003468EE /* Build configuration list for PBXNativeTarget "Calculator" */;
			buildPhases = (
				A3F54B4E2AFB6EAD003468EE /* Sources */,
				A3F54B4F2AFB6EAD003468EE /* Frameworks */,
				A3F54B502AFB6EAD003468EE /* Resources */,
			);
			buildRules = (
			);
			dependencies = (
			);
			name = Calculator;
			productName = Calculator;
			productReference = A3F54B522AFB6EAD003468EE /* Calculator.app */;
			productType = "com.apple.product-type.application";
		};
		A3F54B672AFB6EB1003468EE /* CalculatorTests */ = {
			isa = PBXNativeTarget;
			buildConfigurationList = A3F54B7F2AFB6EB1003468EE /* Build configuration list for PBXNativeTarget "CalculatorTests" */;
			buildPhases = (
				A3F54B642AFB6EB1003468EE /* Sources */,
				A3F54B652AFB6EB1003468EE /* Frameworks */,
				A3F54B662AFB6EB1003468EE /* Resources */,
			);
			buildRules = (
			);
			dependencies = (
				A3F54B6A2AFB6EB1003468EE /* PBXTargetDependency */,
			);
			name = CalculatorTests;
			productName = CalculatorTests;
			productReference = A3F54B682AFB6EB1003468EE /* CalculatorTests.xctest */;
			productType = "com.apple.product-type.bundle.unit-test";
		};
		A3F54B712AFB6EB1003468EE /* CalculatorUITests */ = {
			isa = PBXNativeTarget;
			buildConfigurationList = A3F54B822AFB6EB1003468EE /* Build configuration list for PBXNativeTarget "CalculatorUITests" */;
			buildPhases = (
				A3F54B6E2AFB6EB1003468EE /* Sources */,
				A3F54B6F2AFB6EB1003468EE /* Frameworks */,
				A3F54B702AFB6EB1003468EE /* Resources */,
			);
			buildRules = (
			);
			dependencies = (
				A3F54B742AFB6EB1003468EE /* PBXTargetDependency */,
			);
			name = CalculatorUITests;
			productName = CalculatorUITests;
			productReference = A3F54B722AFB6EB1003468EE /* CalculatorUITests.xctest */;
			productType = "com.apple.product-type.bundle.ui-testing";
		};
/* End PBXNativeTarget section */

/* Begin PBXProject section */
		A3F54B4A2AFB6EAD003468EE /* Project object */ = {
			isa = PBXProject;
			attributes = {
				BuildIndependentTargetsInParallel = 1;
				LastSwiftUpdateCheck = 1500;
				LastUpgradeCheck = 1500;
				TargetAttributes = {
					A3F54B512AFB6EAD003468EE = {
						CreatedOnToolsVersion = 15.0.1;
					};
					A3F54B672AFB6EB1003468EE = {
						CreatedOnToolsVersion = 15.0.1;
						TestTargetID = A3F54B512AFB6EAD003468EE;
					};
					A3F54B712AFB6EB1003468EE = {
						CreatedOnToolsVersion = 15.0.1;
						TestTargetID = A3F54B512AFB6EAD003468EE;
					};
				};
			};
			buildConfigurationList = A3F54B4D2AFB6EAD003468EE /* Build configuration list for PBXProject "Calculator" */;
			compatibilityVersion = "Xcode 14.0";
			developmentRegion = en;
			hasScannedForEncodings = 0;
			knownRegions = (
				en,
				Base,
			);
			mainGroup = A3F54B492AFB6EAD003468EE;
			productRefGroup = A3F54B532AFB6EAD003468EE /* Products */;
			projectDirPath = "";
			projectRoot = "";
			targets = (
				A3F54B512AFB6EAD003468EE /* Calculator */,
				A3F54B672AFB6EB1003468EE /* CalculatorTests */,
				A3F54B712AFB6EB1003468EE /* CalculatorUITests */,
			);
		};
/* End PBXProject section */

/* Begin PBXResourcesBuildPhase section */
		A3F54B502AFB6EAD003468EE /* Resources */ = {
			isa = PBXResourcesBuildPhase;
			buildActionMask = 2147483647;
			files = (
				A3F54B8E2AFBBEFF003468EE /* ButtonCVCell.xib in Resources */,
				A3F54B622AFB6EB0003468EE /* LaunchScreen.storyboard in Resources */,
				A3F54B8A2AFBAC5D003468EE /* Lato-Bold.ttf in Resources */,
				A3F54B862AFBAAA9003468EE /* Colors.xcassets in Resources */,
				A3F54B5F2AFB6EB0003468EE /* Assets.xcassets in Resources */,
				A3F54B5D2AFB6EAD003468EE /* Main.storyboard in Resources */,
			);
			runOnlyForDeploymentPostprocessing = 0;
		};
		A3F54B662AFB6EB1003468EE /* Resources */ = {
			isa = PBXResourcesBuildPhase;
			buildActionMask = 2147483647;
			files = (
			);
			runOnlyForDeploymentPostprocessing = 0;
		};
		A3F54B702AFB6EB1003468EE /* Resources */ = {
			isa = PBXResourcesBuildPhase;
			buildActionMask = 2147483647;
			files = (
			);
			runOnlyForDeploymentPostprocessing = 0;
		};
/* End PBXResourcesBuildPhase section */

/* Begin PBXSourcesBuildPhase section */
		A3F54B4E2AFB6EAD003468EE /* Sources */ = {
			isa = PBXSourcesBuildPhase;
			buildActionMask = 2147483647;
			files = (
				A3F54B5A2AFB6EAD003468EE /* ViewController.swift in Sources */,
				A3F54B562AFB6EAD003468EE /* AppDelegate.swift in Sources */,
				A3F54B932AFBC0D5003468EE /* Enums.swift in Sources */,
				A3F54B9A2AFBC573003468EE /* UIColor+Extension.swift in Sources */,
				A3F54B9E2AFBCCE7003468EE /* CVCell+Extension.swift in Sources */,
				A3F54B902AFBBFB3003468EE /* ButtonCVCell.swift in Sources */,
				A3F54B9C2AFBCA7B003468EE /* CalculatorVC.swift in Sources */,
				A3F54B582AFB6EAD003468EE /* SceneDelegate.swift in Sources */,
				A3EC61AF2AFCCA26001AC2D8 /* UIView+Extension.swift in Sources */,
				A3F54BA02AFBD49D003468EE /* Constants.swift in Sources */,
			);
			runOnlyForDeploymentPostprocessing = 0;
		};
		A3F54B642AFB6EB1003468EE /* Sources */ = {
			isa = PBXSourcesBuildPhase;
			buildActionMask = 2147483647;
			files = (
				A3F54B6D2AFB6EB1003468EE /* CalculatorTests.swift in Sources */,
			);
			runOnlyForDeploymentPostprocessing = 0;
		};
		A3F54B6E2AFB6EB1003468EE /* Sources */ = {
			isa = PBXSourcesBuildPhase;
			buildActionMask = 2147483647;
			files = (
				A3F54B792AFB6EB1003468EE /* CalculatorUITestsLaunchTests.swift in Sources */,
				A3F54B772AFB6EB1003468EE /* CalculatorUITests.swift in Sources */,
			);
			runOnlyForDeploymentPostprocessing = 0;
		};
/* End PBXSourcesBuildPhase section */

/* Begin PBXTargetDependency section */
		A3F54B6A2AFB6EB1003468EE /* PBXTargetDependency */ = {
			isa = PBXTargetDependency;
			target = A3F54B512AFB6EAD003468EE /* Calculator */;
			targetProxy = A3F54B692AFB6EB1003468EE /* PBXContainerItemProxy */;
		};
		A3F54B742AFB6EB1003468EE /* PBXTargetDependency */ = {
			isa = PBXTargetDependency;
			target = A3F54B512AFB6EAD003468EE /* Calculator */;
			targetProxy = A3F54B732AFB6EB1003468EE /* PBXContainerItemProxy */;
		};
/* End PBXTargetDependency section */

/* Begin PBXVariantGroup section */
		A3F54B5B2AFB6EAD003468EE /* Main.storyboard */ = {
			isa = PBXVariantGroup;
			children = (
				A3F54B5C2AFB6EAD003468EE /* Base */,
			);
			name = Main.storyboard;
			sourceTree = "<group>";
		};
		A3F54B602AFB6EB0003468EE /* LaunchScreen.storyboard */ = {
			isa = PBXVariantGroup;
			children = (
				A3F54B612AFB6EB0003468EE /* Base */,
			);
			name = LaunchScreen.storyboard;
			sourceTree = "<group>";
		};
/* End PBXVariantGroup section */

/* Begin XCBuildConfiguration section */
		A3F54B7A2AFB6EB1003468EE /* Debug */ = {
			isa = XCBuildConfiguration;
			buildSettings = {
				ALWAYS_SEARCH_USER_PATHS = NO;
				ASSETCATALOG_COMPILER_GENERATE_SWIFT_ASSET_SYMBOL_EXTENSIONS = YES;
				CLANG_ANALYZER_NONNULL = YES;
				CLANG_ANALYZER_NUMBER_OBJECT_CONVERSION = YES_AGGRESSIVE;
				CLANG_CXX_LANGUAGE_STANDARD = "gnu++20";
				CLANG_ENABLE_MODULES = YES;
				CLANG_ENABLE_OBJC_ARC = YES;
				CLANG_ENABLE_OBJC_WEAK = YES;
				CLANG_WARN_BLOCK_CAPTURE_AUTORELEASING = YES;
				CLANG_WARN_BOOL_CONVERSION = YES;
				CLANG_WARN_COMMA = YES;
				CLANG_WARN_CONSTANT_CONVERSION = YES;
				CLANG_WARN_DEPRECATED_OBJC_IMPLEMENTATIONS = YES;
				CLANG_WARN_DIRECT_OBJC_ISA_USAGE = YES_ERROR;
				CLANG_WARN_DOCUMENTATION_COMMENTS = YES;
				CLANG_WARN_EMPTY_BODY = YES;
				CLANG_WARN_ENUM_CONVERSION = YES;
				CLANG_WARN_INFINITE_RECURSION = YES;
				CLANG_WARN_INT_CONVERSION = YES;
				CLANG_WARN_NON_LITERAL_NULL_CONVERSION = YES;
				CLANG_WARN_OBJC_IMPLICIT_RETAIN_SELF = YES;
				CLANG_WARN_OBJC_LITERAL_CONVERSION = YES;
				CLANG_WARN_OBJC_ROOT_CLASS = YES_ERROR;
				CLANG_WARN_QUOTED_INCLUDE_IN_FRAMEWORK_HEADER = YES;
				CLANG_WARN_RANGE_LOOP_ANALYSIS = YES;
				CLANG_WARN_STRICT_PROTOTYPES = YES;
				CLANG_WARN_SUSPICIOUS_MOVE = YES;
				CLANG_WARN_UNGUARDED_AVAILABILITY = YES_AGGRESSIVE;
				CLANG_WARN_UNREACHABLE_CODE = YES;
				CLANG_WARN__DUPLICATE_METHOD_MATCH = YES;
				COPY_PHASE_STRIP = NO;
				DEBUG_INFORMATION_FORMAT = dwarf;
				ENABLE_STRICT_OBJC_MSGSEND = YES;
				ENABLE_TESTABILITY = YES;
				ENABLE_USER_SCRIPT_SANDBOXING = YES;
				GCC_C_LANGUAGE_STANDARD = gnu17;
				GCC_DYNAMIC_NO_PIC = NO;
				GCC_NO_COMMON_BLOCKS = YES;
				GCC_OPTIMIZATION_LEVEL = 0;
				GCC_PREPROCESSOR_DEFINITIONS = (
					"DEBUG=1",
					"$(inherited)",
				);
				GCC_WARN_64_TO_32_BIT_CONVERSION = YES;
				GCC_WARN_ABOUT_RETURN_TYPE = YES_ERROR;
				GCC_WARN_UNDECLARED_SELECTOR = YES;
				GCC_WARN_UNINITIALIZED_AUTOS = YES_AGGRESSIVE;
				GCC_WARN_UNUSED_FUNCTION = YES;
				GCC_WARN_UNUSED_VARIABLE = YES;
				IPHONEOS_DEPLOYMENT_TARGET = 13.0;
				LOCALIZATION_PREFERS_STRING_CATALOGS = YES;
				MTL_ENABLE_DEBUG_INFO = INCLUDE_SOURCE;
				MTL_FAST_MATH = YES;
				ONLY_ACTIVE_ARCH = YES;
				SDKROOT = iphoneos;
				SWIFT_ACTIVE_COMPILATION_CONDITIONS = "DEBUG $(inherited)";
				SWIFT_OPTIMIZATION_LEVEL = "-Onone";
			};
			name = Debug;
		};
		A3F54B7B2AFB6EB1003468EE /* Release */ = {
			isa = XCBuildConfiguration;
			buildSettings = {
				ALWAYS_SEARCH_USER_PATHS = NO;
				ASSETCATALOG_COMPILER_GENERATE_SWIFT_ASSET_SYMBOL_EXTENSIONS = YES;
				CLANG_ANALYZER_NONNULL = YES;
				CLANG_ANALYZER_NUMBER_OBJECT_CONVERSION = YES_AGGRESSIVE;
				CLANG_CXX_LANGUAGE_STANDARD = "gnu++20";
				CLANG_ENABLE_MODULES = YES;
				CLANG_ENABLE_OBJC_ARC = YES;
				CLANG_ENABLE_OBJC_WEAK = YES;
				CLANG_WARN_BLOCK_CAPTURE_AUTORELEASING = YES;
				CLANG_WARN_BOOL_CONVERSION = YES;
				CLANG_WARN_COMMA = YES;
				CLANG_WARN_CONSTANT_CONVERSION = YES;
				CLANG_WARN_DEPRECATED_OBJC_IMPLEMENTATIONS = YES;
				CLANG_WARN_DIRECT_OBJC_ISA_USAGE = YES_ERROR;
				CLANG_WARN_DOCUMENTATION_COMMENTS = YES;
				CLANG_WARN_EMPTY_BODY = YES;
				CLANG_WARN_ENUM_CONVERSION = YES;
				CLANG_WARN_INFINITE_RECURSION = YES;
				CLANG_WARN_INT_CONVERSION = YES;
				CLANG_WARN_NON_LITERAL_NULL_CONVERSION = YES;
				CLANG_WARN_OBJC_IMPLICIT_RETAIN_SELF = YES;
				CLANG_WARN_OBJC_LITERAL_CONVERSION = YES;
				CLANG_WARN_OBJC_ROOT_CLASS = YES_ERROR;
				CLANG_WARN_QUOTED_INCLUDE_IN_FRAMEWORK_HEADER = YES;
				CLANG_WARN_RANGE_LOOP_ANALYSIS = YES;
				CLANG_WARN_STRICT_PROTOTYPES = YES;
				CLANG_WARN_SUSPICIOUS_MOVE = YES;
				CLANG_WARN_UNGUARDED_AVAILABILITY = YES_AGGRESSIVE;
				CLANG_WARN_UNREACHABLE_CODE = YES;
				CLANG_WARN__DUPLICATE_METHOD_MATCH = YES;
				COPY_PHASE_STRIP = NO;
				DEBUG_INFORMATION_FORMAT = "dwarf-with-dsym";
				ENABLE_NS_ASSERTIONS = NO;
				ENABLE_STRICT_OBJC_MSGSEND = YES;
				ENABLE_USER_SCRIPT_SANDBOXING = YES;
				GCC_C_LANGUAGE_STANDARD = gnu17;
				GCC_NO_COMMON_BLOCKS = YES;
				GCC_WARN_64_TO_32_BIT_CONVERSION = YES;
				GCC_WARN_ABOUT_RETURN_TYPE = YES_ERROR;
				GCC_WARN_UNDECLARED_SELECTOR = YES;
				GCC_WARN_UNINITIALIZED_AUTOS = YES_AGGRESSIVE;
				GCC_WARN_UNUSED_FUNCTION = YES;
				GCC_WARN_UNUSED_VARIABLE = YES;
				IPHONEOS_DEPLOYMENT_TARGET = 13.0;
				LOCALIZATION_PREFERS_STRING_CATALOGS = YES;
				MTL_ENABLE_DEBUG_INFO = NO;
				MTL_FAST_MATH = YES;
				SDKROOT = iphoneos;
				SWIFT_COMPILATION_MODE = wholemodule;
				VALIDATE_PRODUCT = YES;
			};
			name = Release;
		};
		A3F54B7D2AFB6EB1003468EE /* Debug */ = {
			isa = XCBuildConfiguration;
			buildSettings = {
				ASSETCATALOG_COMPILER_APPICON_NAME = AppIcon;
				ASSETCATALOG_COMPILER_GLOBAL_ACCENT_COLOR_NAME = AccentColor;
				CODE_SIGN_IDENTITY = "Apple Development";
				CODE_SIGN_STYLE = Automatic;
				CURRENT_PROJECT_VERSION = 1;
				DEVELOPMENT_TEAM = 2RAVML4T35;
				GENERATE_INFOPLIST_FILE = YES;
				INFOPLIST_FILE = Calculator/Info.plist;
				INFOPLIST_KEY_UIApplicationSupportsIndirectInputEvents = YES;
				INFOPLIST_KEY_UILaunchStoryboardName = LaunchScreen;
				INFOPLIST_KEY_UIMainStoryboardFile = Main;
				INFOPLIST_KEY_UISupportedInterfaceOrientations = UIInterfaceOrientationPortrait;
				IPHONEOS_DEPLOYMENT_TARGET = 13.0;
				LD_RUNPATH_SEARCH_PATHS = (
					"$(inherited)",
					"@executable_path/Frameworks",
				);
				MARKETING_VERSION = 1.0;
				PRODUCT_BUNDLE_IDENTIFIER = com.artxcoder.calculator;
				PRODUCT_NAME = "$(TARGET_NAME)";
				PROVISIONING_PROFILE_SPECIFIER = "";
				SWIFT_EMIT_LOC_STRINGS = YES;
				SWIFT_VERSION = 5.0;
				TARGETED_DEVICE_FAMILY = "1,2";
			};
			name = Debug;
		};
		A3F54B7E2AFB6EB1003468EE /* Release */ = {
			isa = XCBuildConfiguration;
			buildSettings = {
				ASSETCATALOG_COMPILER_APPICON_NAME = AppIcon;
				ASSETCATALOG_COMPILER_GLOBAL_ACCENT_COLOR_NAME = AccentColor;
				CODE_SIGN_IDENTITY = "Apple Development";
				CODE_SIGN_STYLE = Automatic;
				CURRENT_PROJECT_VERSION = 1;
				DEVELOPMENT_TEAM = 2RAVML4T35;
				GENERATE_INFOPLIST_FILE = YES;
				INFOPLIST_FILE = Calculator/Info.plist;
				INFOPLIST_KEY_UIApplicationSupportsIndirectInputEvents = YES;
				INFOPLIST_KEY_UILaunchStoryboardName = LaunchScreen;
				INFOPLIST_KEY_UIMainStoryboardFile = Main;
				INFOPLIST_KEY_UISupportedInterfaceOrientations = UIInterfaceOrientationPortrait;
				IPHONEOS_DEPLOYMENT_TARGET = 13.0;
				LD_RUNPATH_SEARCH_PATHS = (
					"$(inherited)",
					"@executable_path/Frameworks",
				);
				MARKETING_VERSION = 1.0;
				PRODUCT_BUNDLE_IDENTIFIER = com.artxcoder.calculator;
				PRODUCT_NAME = "$(TARGET_NAME)";
				PROVISIONING_PROFILE_SPECIFIER = "";
				SWIFT_EMIT_LOC_STRINGS = YES;
				SWIFT_VERSION = 5.0;
				TARGETED_DEVICE_FAMILY = "1,2";
			};
			name = Release;
		};
		A3F54B802AFB6EB1003468EE /* Debug */ = {
			isa = XCBuildConfiguration;
			buildSettings = {
				ALWAYS_EMBED_SWIFT_STANDARD_LIBRARIES = YES;
				BUNDLE_LOADER = "$(TEST_HOST)";
				CODE_SIGN_STYLE = Automatic;
				CURRENT_PROJECT_VERSION = 1;
				GENERATE_INFOPLIST_FILE = YES;
				IPHONEOS_DEPLOYMENT_TARGET = 17.0;
				MARKETING_VERSION = 1.0;
				PRODUCT_BUNDLE_IDENTIFIER = com.qubicle.test.CalculatorTests;
				PRODUCT_NAME = "$(TARGET_NAME)";
				SWIFT_EMIT_LOC_STRINGS = NO;
				SWIFT_VERSION = 5.0;
				TARGETED_DEVICE_FAMILY = "1,2";
				TEST_HOST = "$(BUILT_PRODUCTS_DIR)/Calculator.app/$(BUNDLE_EXECUTABLE_FOLDER_PATH)/Calculator";
			};
			name = Debug;
		};
		A3F54B812AFB6EB1003468EE /* Release */ = {
			isa = XCBuildConfiguration;
			buildSettings = {
				ALWAYS_EMBED_SWIFT_STANDARD_LIBRARIES = YES;
				BUNDLE_LOADER = "$(TEST_HOST)";
				CODE_SIGN_STYLE = Automatic;
				CURRENT_PROJECT_VERSION = 1;
				GENERATE_INFOPLIST_FILE = YES;
				IPHONEOS_DEPLOYMENT_TARGET = 17.0;
				MARKETING_VERSION = 1.0;
				PRODUCT_BUNDLE_IDENTIFIER = com.qubicle.test.CalculatorTests;
				PRODUCT_NAME = "$(TARGET_NAME)";
				SWIFT_EMIT_LOC_STRINGS = NO;
				SWIFT_VERSION = 5.0;
				TARGETED_DEVICE_FAMILY = "1,2";
				TEST_HOST = "$(BUILT_PRODUCTS_DIR)/Calculator.app/$(BUNDLE_EXECUTABLE_FOLDER_PATH)/Calculator";
			};
			name = Release;
		};
		A3F54B832AFB6EB1003468EE /* Debug */ = {
			isa = XCBuildConfiguration;
			buildSettings = {
				ALWAYS_EMBED_SWIFT_STANDARD_LIBRARIES = YES;
				CODE_SIGN_STYLE = Automatic;
				CURRENT_PROJECT_VERSION = 1;
				GENERATE_INFOPLIST_FILE = YES;
				MARKETING_VERSION = 1.0;
				PRODUCT_BUNDLE_IDENTIFIER = com.qubicle.test.CalculatorUITests;
				PRODUCT_NAME = "$(TARGET_NAME)";
				SWIFT_EMIT_LOC_STRINGS = NO;
				SWIFT_VERSION = 5.0;
				TARGETED_DEVICE_FAMILY = "1,2";
				TEST_TARGET_NAME = Calculator;
			};
			name = Debug;
		};
		A3F54B842AFB6EB1003468EE /* Release */ = {
			isa = XCBuildConfiguration;
			buildSettings = {
				ALWAYS_EMBED_SWIFT_STANDARD_LIBRARIES = YES;
				CODE_SIGN_STYLE = Automatic;
				CURRENT_PROJECT_VERSION = 1;
				GENERATE_INFOPLIST_FILE = YES;
				MARKETING_VERSION = 1.0;
				PRODUCT_BUNDLE_IDENTIFIER = com.qubicle.test.CalculatorUITests;
				PRODUCT_NAME = "$(TARGET_NAME)";
				SWIFT_EMIT_LOC_STRINGS = NO;
				SWIFT_VERSION = 5.0;
				TARGETED_DEVICE_FAMILY = "1,2";
				TEST_TARGET_NAME = Calculator;
			};
			name = Release;
		};
/* End XCBuildConfiguration section */

/* Begin XCConfigurationList section */
		A3F54B4D2AFB6EAD003468EE /* Build configuration list for PBXProject "Calculator" */ = {
			isa = XCConfigurationList;
			buildConfigurations = (
				A3F54B7A2AFB6EB1003468EE /* Debug */,
				A3F54B7B2AFB6EB1003468EE /* Release */,
			);
			defaultConfigurationIsVisible = 0;
			defaultConfigurationName = Release;
		};
		A3F54B7C2AFB6EB1003468EE /* Build configuration list for PBXNativeTarget "Calculator" */ = {
			isa = XCConfigurationList;
			buildConfigurations = (
				A3F54B7D2AFB6EB1003468EE /* Debug */,
				A3F54B7E2AFB6EB1003468EE /* Release */,
			);
			defaultConfigurationIsVisible = 0;
			defaultConfigurationName = Release;
		};
		A3F54B7F2AFB6EB1003468EE /* Build configuration list for PBXNativeTarget "CalculatorTests" */ = {
			isa = XCConfigurationList;
			buildConfigurations = (
				A3F54B802AFB6EB1003468EE /* Debug */,
				A3F54B812AFB6EB1003468EE /* Release */,
			);
			defaultConfigurationIsVisible = 0;
			defaultConfigurationName = Release;
		};
		A3F54B822AFB6EB1003468EE /* Build configuration list for PBXNativeTarget "CalculatorUITests" */ = {
			isa = XCConfigurationList;
			buildConfigurations = (
				A3F54B832AFB6EB1003468EE /* Debug */,
				A3F54B842AFB6EB1003468EE /* Release */,
			);
			defaultConfigurationIsVisible = 0;
			defaultConfigurationName = Release;
		};
/* End XCConfigurationList section */
	};
	rootObject = A3F54B4A2AFB6EAD003468EE /* Project object */;
}
